// !$*UTF8*$!
{
	archiveVersion = 1;
	classes = {
	};
	objectVersion = 50;
	objects = {

/* Begin PBXBuildFile section */
		528DB72F246EF0BE001DB27C /* AppDelegate.swift in Sources */ = {isa = PBXBuildFile; fileRef = 528DB72E246EF0BE001DB27C /* AppDelegate.swift */; };
		528DB731246EF0BE001DB27C /* SceneDelegate.swift in Sources */ = {isa = PBXBuildFile; fileRef = 528DB730246EF0BE001DB27C /* SceneDelegate.swift */; };
		528DB733246EF0BE001DB27C /* ViewController.swift in Sources */ = {isa = PBXBuildFile; fileRef = 528DB732246EF0BE001DB27C /* ViewController.swift */; };
		528DB736246EF0BE001DB27C /* Main.storyboard in Resources */ = {isa = PBXBuildFile; fileRef = 528DB734246EF0BE001DB27C /* Main.storyboard */; };
		528DB738246EF0C2001DB27C /* Assets.xcassets in Resources */ = {isa = PBXBuildFile; fileRef = 528DB737246EF0C2001DB27C /* Assets.xcassets */; };
		528DB73B246EF0C2001DB27C /* LaunchScreen.storyboard in Resources */ = {isa = PBXBuildFile; fileRef = 528DB739246EF0C2001DB27C /* LaunchScreen.storyboard */; };
/* End PBXBuildFile section */

/* Begin PBXFileReference section */
		528DB72B246EF0BE001DB27C /* vehicles.app */ = {isa = PBXFileReference; explicitFileType = wrapper.application; includeInIndex = 0; path = vehicles.app; sourceTree = BUILT_PRODUCTS_DIR; };
		528DB72E246EF0BE001DB27C /* AppDelegate.swift */ = {isa = PBXFileReference; lastKnownFileType = sourcecode.swift; path = AppDelegate.swift; sourceTree = "<group>"; };
		528DB730246EF0BE001DB27C /* SceneDelegate.swift */ = {isa = PBXFileReference; lastKnownFileType = sourcecode.swift; path = SceneDelegate.swift; sourceTree = "<group>"; };
		528DB732246EF0BE001DB27C /* ViewController.swift */ = {isa = PBXFileReference; lastKnownFileType = sourcecode.swift; path = ViewController.swift; sourceTree = "<group>"; };
		528DB735246EF0BE001DB27C /* Base */ = {isa = PBXFileReference; lastKnownFileType = file.storyboard; name = Base; path = Base.lproj/Main.storyboard; sourceTree = "<group>"; };
		528DB737246EF0C2001DB27C /* Assets.xcassets */ = {isa = PBXFileReference; lastKnownFileType = folder.assetcatalog; path = Assets.xcassets; sourceTree = "<group>"; };
		528DB73A246EF0C2001DB27C /* Base */ = {isa = PBXFileReference; lastKnownFileType = file.storyboard; name = Base; path = Base.lproj/LaunchScreen.storyboard; sourceTree = "<group>"; };
		528DB73C246EF0C2001DB27C /* Info.plist */ = {isa = PBXFileReference; lastKnownFileType = text.plist.xml; path = Info.plist; sourceTree = "<group>"; };
/* End PBXFileReference section */

/* Begin PBXFrameworksBuildPhase section */
		528DB728246EF0BE001DB27C /* Frameworks */ = {
			isa = PBXFrameworksBuildPhase;
			buildActionMask = 2147483647;
			files = (
			);
			runOnlyForDeploymentPostprocessing = 0;
		};
/* End PBXFrameworksBuildPhase section */

/* Begin PBXGroup section */
		528DB722246EF0BE001DB27C = {
			isa = PBXGroup;
			children = (
				528DB72D246EF0BE001DB27C /* vehicles */,
				528DB72C246EF0BE001DB27C /* Products */,
			);
			sourceTree = "<group>";
		};
		528DB72C246EF0BE001DB27C /* Products */ = {
			isa = PBXGroup;
			children = (
				528DB72B246EF0BE001DB27C /* vehicles.app */,
			);
			name = Products;
			sourceTree = "<group>";
		};
		528DB72D246EF0BE001DB27C /* vehicles */ = {
			isa = PBXGroup;
			children = (
				528DB72E246EF0BE001DB27C /* AppDelegate.swift */,
				528DB730246EF0BE001DB27C /* SceneDelegate.swift */,
				528DB732246EF0BE001DB27C /* ViewController.swift */,
				528DB734246EF0BE001DB27C /* Main.storyboard */,
				528DB737246EF0C2001DB27C /* Assets.xcassets */,
				528DB739246EF0C2001DB27C /* LaunchScreen.storyboard */,
				528DB73C246EF0C2001DB27C /* Info.plist */,
			);
			path = vehicles;
			sourceTree = "<group>";
		};
/* End PBXGroup section */

/* Begin PBXNativeTarget section */
		528DB72A246EF0BE001DB27C /* vehicles */ = {
			isa = PBXNativeTarget;
			buildConfigurationList = 528DB73F246EF0C2001DB27C /* Build configuration list for PBXNativeTarget "vehicles" */;
			buildPhases = (
				528DB727246EF0BE001DB27C /* Sources */,
				528DB728246EF0BE001DB27C /* Frameworks */,
				528DB729246EF0BE001DB27C /* Resources */,
			);
			buildRules = (
			);
			dependencies = (
			);
			name = vehicles;
			productName = vehicles;
			productReference = 528DB72B246EF0BE001DB27C /* vehicles.app */;
			productType = "com.apple.product-type.application";
		};
/* End PBXNativeTarget section */

/* Begin PBXProject section */
		528DB723246EF0BE001DB27C /* Project object */ = {
			isa = PBXProject;
			attributes = {
				LastSwiftUpdateCheck = 1120;
				LastUpgradeCheck = 1120;
				ORGANIZATIONNAME = Desarollo;
				TargetAttributes = {
					528DB72A246EF0BE001DB27C = {
						CreatedOnToolsVersion = 11.2.1;
					};
				};
			};
			buildConfigurationList = 528DB726246EF0BE001DB27C /* Build configuration list for PBXProject "vehicles" */;
			compatibilityVersion = "Xcode 9.3";
			developmentRegion = en;
			hasScannedForEncodings = 0;
			knownRegions = (
				en,
				Base,
			);
			mainGroup = 528DB722246EF0BE001DB27C;
			productRefGroup = 528DB72C246EF0BE001DB27C /* Products */;
			projectDirPath = "";
			projectRoot = "";
			targets = (
				528DB72A246EF0BE001DB27C /* vehicles */,
			);
		};
/* End PBXProject section */

/* Begin PBXResourcesBuildPhase section */
		528DB729246EF0BE001DB27C /* Resources */ = {
			isa = PBXResourcesBuildPhase;
			buildActionMask = 2147483647;
			files = (
				528DB73B246EF0C2001DB27C /* LaunchScreen.storyboard in Resources */,
				528DB738246EF0C2001DB27C /* Assets.xcassets in Resources */,
				528DB736246EF0BE001DB27C /* Main.storyboard in Resources */,
			);
			runOnlyForDeploymentPostprocessing = 0;
		};
/* End PBXResourcesBuildPhase section */

/* Begin PBXSourcesBuildPhase section */
		528DB727246EF0BE001DB27C /* Sources */ = {
			isa = PBXSourcesBuildPhase;
			buildActionMask = 2147483647;
			files = (
				528DB733246EF0BE001DB27C /* ViewController.swift in Sources */,
				528DB72F246EF0BE001DB27C /* AppDelegate.swift in Sources */,
				528DB731246EF0BE001DB27C /* SceneDelegate.swift in Sources */,
			);
			runOnlyForDeploymentPostprocessing = 0;
		};
/* End PBXSourcesBuildPhase section */

/* Begin PBXVariantGroup section */
		528DB734246EF0BE001DB27C /* Main.storyboard */ = {
			isa = PBXVariantGroup;
			children = (
				528DB735246EF0BE001DB27C /* Base */,
			);
			name = Main.storyboard;
			sourceTree = "<group>";
		};
		528DB739246EF0C2001DB27C /* LaunchScreen.storyboard */ = {
			isa = PBXVariantGroup;
			children = (
				528DB73A246EF0C2001DB27C /* Base */,
			);
			name = LaunchScreen.storyboard;
			sourceTree = "<group>";
		};
/* End PBXVariantGroup section */

/* Begin XCBuildConfiguration section */
		528DB73D246EF0C2001DB27C /* Debug */ = {
			isa = XCBuildConfiguration;
			buildSettings = {
				ALWAYS_SEARCH_USER_PATHS = NO;
				CLANG_ANALYZER_NONNULL = YES;
				CLANG_ANALYZER_NUMBER_OBJECT_CONVERSION = YES_AGGRESSIVE;
				CLANG_CXX_LANGUAGE_STANDARD = "gnu++14";
				CLANG_CXX_LIBRARY = "libc++";
				CLANG_ENABLE_MODULES = YES;
				CLANG_ENABLE_OBJC_ARC = YES;
				CLANG_ENABLE_OBJC_WEAK = YES;
				CLANG_WARN_BLOCK_CAPTURE_AUTORELEASING = YES;
				CLANG_WARN_BOOL_CONVERSION = YES;
				CLANG_WARN_COMMA = YES;
				CLANG_WARN_CONSTANT_CONVERSION = YES;
				CLANG_WARN_DEPRECATED_OBJC_IMPLEMENTATIONS = YES;
				CLANG_WARN_DIRECT_OBJC_ISA_USAGE = YES_ERROR;
				CLANG_WARN_DOCUMENTATION_COMMENTS = YES;
				CLANG_WARN_EMPTY_BODY = YES;
				CLANG_WARN_ENUM_CONVERSION = YES;
				CLANG_WARN_INFINITE_RECURSION = YES;
				CLANG_WARN_INT_CONVERSION = YES;
				CLANG_WARN_NON_LITERAL_NULL_CONVERSION = YES;
				CLANG_WARN_OBJC_IMPLICIT_RETAIN_SELF = YES;
				CLANG_WARN_OBJC_LITERAL_CONVERSION = YES;
				CLANG_WARN_OBJC_ROOT_CLASS = YES_ERROR;
				CLANG_WARN_RANGE_LOOP_ANALYSIS = YES;
				CLANG_WARN_STRICT_PROTOTYPES = YES;
				CLANG_WARN_SUSPICIOUS_MOVE = YES;
				CLANG_WARN_UNGUARDED_AVAILABILITY = YES_AGGRESSIVE;
				CLANG_WARN_UNREACHABLE_CODE = YES;
				CLANG_WARN__DUPLICATE_METHOD_MATCH = YES;
				COPY_PHASE_STRIP = NO;
				DEBUG_INFORMATION_FORMAT = dwarf;
				ENABLE_STRICT_OBJC_MSGSEND = YES;
				ENABLE_TESTABILITY = YES;
				GCC_C_LANGUAGE_STANDARD = gnu11;
				GCC_DYNAMIC_NO_PIC = NO;
				GCC_NO_COMMON_BLOCKS = YES;
				GCC_OPTIMIZATION_LEVEL = 0;
				GCC_PREPROCESSOR_DEFINITIONS = (
					"DEBUG=1",
					"$(inherited)",
				);
				GCC_WARN_64_TO_32_BIT_CONVERSION = YES;
				GCC_WARN_ABOUT_RETURN_TYPE = YES_ERROR;
				GCC_WARN_UNDECLARED_SELECTOR = YES;
				GCC_WARN_UNINITIALIZED_AUTOS = YES_AGGRESSIVE;
				GCC_WARN_UNUSED_FUNCTION = YES;
				GCC_WARN_UNUSED_VARIABLE = YES;
				IPHONEOS_DEPLOYMENT_TARGET = 13.2;
				MTL_ENABLE_DEBUG_INFO = INCLUDE_SOURCE;
				MTL_FAST_MATH = YES;
				ONLY_ACTIVE_ARCH = YES;
				SDKROOT = iphoneos;
				SWIFT_ACTIVE_COMPILATION_CONDITIONS = DEBUG;
				SWIFT_OPTIMIZATION_LEVEL = "-Onone";
			};
			name = Debug;
		};
		528DB73E246EF0C2001DB27C /* Release */ = {
			isa = XCBuildConfiguration;
			buildSettings = {
				ALWAYS_SEARCH_USER_PATHS = NO;
				CLANG_ANALYZER_NONNULL = YES;
				CLANG_ANALYZER_NUMBER_OBJECT_CONVERSION = YES_AGGRESSIVE;
				CLANG_CXX_LANGUAGE_STANDARD = "gnu++14";
				CLANG_CXX_LIBRARY = "libc++";
				CLANG_ENABLE_MODULES = YES;
				CLANG_ENABLE_OBJC_ARC = YES;
				CLANG_ENABLE_OBJC_WEAK = YES;
				CLANG_WARN_BLOCK_CAPTURE_AUTORELEASING = YES;
				CLANG_WARN_BOOL_CONVERSION = YES;
				CLANG_WARN_COMMA = YES;
				CLANG_WARN_CONSTANT_CONVERSION = YES;
				CLANG_WARN_DEPRECATED_OBJC_IMPLEMENTATIONS = YES;
				CLANG_WARN_DIRECT_OBJC_ISA_USAGE = YES_ERROR;
				CLANG_WARN_DOCUMENTATION_COMMENTS = YES;
				CLANG_WARN_EMPTY_BODY = YES;
				CLANG_WARN_ENUM_CONVERSION = YES;
				CLANG_WARN_INFINITE_RECURSION = YES;
				CLANG_WARN_INT_CONVERSION = YES;
				CLANG_WARN_NON_LITERAL_NULL_CONVERSION = YES;
				CLANG_WARN_OBJC_IMPLICIT_RETAIN_SELF = YES;
				CLANG_WARN_OBJC_LITERAL_CONVERSION = YES;
				CLANG_WARN_OBJC_ROOT_CLASS = YES_ERROR;
				CLANG_WARN_RANGE_LOOP_ANALYSIS = YES;
				CLANG_WARN_STRICT_PROTOTYPES = YES;
				CLANG_WARN_SUSPICIOUS_MOVE = YES;
				CLANG_WARN_UNGUARDED_AVAILABILITY = YES_AGGRESSIVE;
				CLANG_WARN_UNREACHABLE_CODE = YES;
				CLANG_WARN__DUPLICATE_METHOD_MATCH = YES;
				COPY_PHASE_STRIP = NO;
				DEBUG_INFORMATION_FORMAT = "dwarf-with-dsym";
				ENABLE_NS_ASSERTIONS = NO;
				ENABLE_STRICT_OBJC_MSGSEND = YES;
				GCC_C_LANGUAGE_STANDARD = gnu11;
				GCC_NO_COMMON_BLOCKS = YES;
				GCC_WARN_64_TO_32_BIT_CONVERSION = YES;
				GCC_WARN_ABOUT_RETURN_TYPE = YES_ERROR;
				GCC_WARN_UNDECLARED_SELECTOR = YES;
				GCC_WARN_UNINITIALIZED_AUTOS = YES_AGGRESSIVE;
				GCC_WARN_UNUSED_FUNCTION = YES;
				GCC_WARN_UNUSED_VARIABLE = YES;
				IPHONEOS_DEPLOYMENT_TARGET = 13.2;
				MTL_ENABLE_DEBUG_INFO = NO;
				MTL_FAST_MATH = YES;
				SDKROOT = iphoneos;
				SWIFT_COMPILATION_MODE = wholemodule;
				SWIFT_OPTIMIZATION_LEVEL = "-O";
				VALIDATE_PRODUCT = YES;
			};
			name = Release;
		};
		528DB740246EF0C2001DB27C /* Debug */ = {
			isa = XCBuildConfiguration;
			buildSettings = {
				ASSETCATALOG_COMPILER_APPICON_NAME = AppIcon;
				CODE_SIGN_STYLE = Automatic;
				DEVELOPMENT_TEAM = F4LTESUMQF;
				INFOPLIST_FILE = vehicles/Info.plist;
				LD_RUNPATH_SEARCH_PATHS = (
					"$(inherited)",
					"@executable_path/Frameworks",
				);
				PRODUCT_BUNDLE_IDENTIFIER = com.hugo.vehicles;
				PRODUCT_NAME = "$(TARGET_NAME)";
				SWIFT_VERSION = 5.0;
				TARGETED_DEVICE_FAMILY = "1,2";
			};
			name = Debug;
		};
		528DB741246EF0C2001DB27C /* Release */ = {
			isa = XCBuildConfiguration;
			buildSettings = {
				ASSETCATALOG_COMPILER_APPICON_NAME = AppIcon;
				CODE_SIGN_STYLE = Automatic;
				DEVELOPMENT_TEAM = F4LTESUMQF;
				INFOPLIST_FILE = vehicles/Info.plist;
				LD_RUNPATH_SEARCH_PATHS = (
					"$(inherited)",
					"@executable_path/Frameworks",
				);
				PRODUCT_BUNDLE_IDENTIFIER = com.hugo.vehicles;
				PRODUCT_NAME = "$(TARGET_NAME)";
				SWIFT_VERSION = 5.0;
				TARGETED_DEVICE_FAMILY = "1,2";
			};
			name = Release;
		};
/* End XCBuildConfiguration section */

/* Begin XCConfigurationList section */
		528DB726246EF0BE001DB27C /* Build configuration list for PBXProject "vehicles" */ = {
			isa = XCConfigurationList;
			buildConfigurations = (
				528DB73D246EF0C2001DB27C /* Debug */,
				528DB73E246EF0C2001DB27C /* Release */,
			);
			defaultConfigurationIsVisible = 0;
			defaultConfigurationName = Release;
		};
		528DB73F246EF0C2001DB27C /* Build configuration list for PBXNativeTarget "vehicles" */ = {
			isa = XCConfigurationList;
			buildConfigurations = (
				528DB740246EF0C2001DB27C /* Debug */,
				528DB741246EF0C2001DB27C /* Release */,
			);
			defaultConfigurationIsVisible = 0;
			defaultConfigurationName = Release;
		};
/* End XCConfigurationList section */
	};
	rootObject = 528DB723246EF0BE001DB27C /* Project object */;
}
