// !$*UTF8*$!
{
	archiveVersion = 1;
	classes = {
	};
	objectVersion = 51;
	objects = {

/* Begin PBXBuildFile section */
		391CE8E9572AC51557472EDF /* Pods_vehicles.framework in Frameworks */ = {isa = PBXBuildFile; fileRef = A97876EAB570BE82E652EE17 /* Pods_vehicles.framework */; };
		528DB72F246EF0BE001DB27C /* AppDelegate.swift in Sources */ = {isa = PBXBuildFile; fileRef = 528DB72E246EF0BE001DB27C /* AppDelegate.swift */; };
		528DB731246EF0BE001DB27C /* SceneDelegate.swift in Sources */ = {isa = PBXBuildFile; fileRef = 528DB730246EF0BE001DB27C /* SceneDelegate.swift */; };
		528DB736246EF0BE001DB27C /* Main.storyboard in Resources */ = {isa = PBXBuildFile; fileRef = 528DB734246EF0BE001DB27C /* Main.storyboard */; };
		528DB738246EF0C2001DB27C /* Assets.xcassets in Resources */ = {isa = PBXBuildFile; fileRef = 528DB737246EF0C2001DB27C /* Assets.xcassets */; };
		528DB73B246EF0C2001DB27C /* LaunchScreen.storyboard in Resources */ = {isa = PBXBuildFile; fileRef = 528DB739246EF0C2001DB27C /* LaunchScreen.storyboard */; };
		528DB749246F0179001DB27C /* vehiclesTests.swift in Sources */ = {isa = PBXBuildFile; fileRef = 528DB748246F0179001DB27C /* vehiclesTests.swift */; };
		528DB758246F0B59001DB27C /* VehicleSource.swift in Sources */ = {isa = PBXBuildFile; fileRef = 528DB757246F0B59001DB27C /* VehicleSource.swift */; };
		528DB75B246F0E86001DB27C /* TypeUtil.swift in Sources */ = {isa = PBXBuildFile; fileRef = 528DB75A246F0E86001DB27C /* TypeUtil.swift */; };
		528DB75D246F0F81001DB27C /* TypeVehicleSource.swift in Sources */ = {isa = PBXBuildFile; fileRef = 528DB75C246F0F81001DB27C /* TypeVehicleSource.swift */; };
		528DB75F246F10DF001DB27C /* StaySource.swift in Sources */ = {isa = PBXBuildFile; fileRef = 528DB75E246F10DF001DB27C /* StaySource.swift */; };
		528DB761246F1478001DB27C /* StayModel.swift in Sources */ = {isa = PBXBuildFile; fileRef = 528DB760246F1478001DB27C /* StayModel.swift */; };
		528DB763246F1966001DB27C /* VehicleModel.swift in Sources */ = {isa = PBXBuildFile; fileRef = 528DB762246F1966001DB27C /* VehicleModel.swift */; };
		528DB766246F251D001DB27C /* types.json in Resources */ = {isa = PBXBuildFile; fileRef = 528DB765246F251D001DB27C /* types.json */; };
		528DB768246F252A001DB27C /* JsonUtil.swift in Sources */ = {isa = PBXBuildFile; fileRef = 528DB767246F252A001DB27C /* JsonUtil.swift */; };
		528DB76B246F2A92001DB27C /* TabViewController.swift in Sources */ = {isa = PBXBuildFile; fileRef = 528DB76A246F2A92001DB27C /* TabViewController.swift */; };
		528DB76D246F563A001DB27C /* MainTabViewController.swift in Sources */ = {isa = PBXBuildFile; fileRef = 528DB76C246F563A001DB27C /* MainTabViewController.swift */; };
		528DB770246F60ED001DB27C /* MainViewController.swift in Sources */ = {isa = PBXBuildFile; fileRef = 528DB76F246F60ED001DB27C /* MainViewController.swift */; };
		528DB772246F6124001DB27C /* MenuCollectionCell.swift in Sources */ = {isa = PBXBuildFile; fileRef = 528DB771246F6124001DB27C /* MenuCollectionCell.swift */; };
		528DB774246F6B4C001DB27C /* ExtensionUtil.swift in Sources */ = {isa = PBXBuildFile; fileRef = 528DB773246F6B4C001DB27C /* ExtensionUtil.swift */; };
		528DB777246F6E0D001DB27C /* menu.json in Resources */ = {isa = PBXBuildFile; fileRef = 528DB776246F6E0D001DB27C /* menu.json */; };
		528DB779246F6E6C001DB27C /* MenuEntity.swift in Sources */ = {isa = PBXBuildFile; fileRef = 528DB778246F6E6C001DB27C /* MenuEntity.swift */; };
		528DB77D246F7A8E001DB27C /* VehicleViewController.swift in Sources */ = {isa = PBXBuildFile; fileRef = 528DB77C246F7A8E001DB27C /* VehicleViewController.swift */; };
		528DB77F246F7C94001DB27C /* VehicleTableCell.swift in Sources */ = {isa = PBXBuildFile; fileRef = 528DB77E246F7C94001DB27C /* VehicleTableCell.swift */; };
		528DB783246F88A1001DB27C /* ActionViewController.swift in Sources */ = {isa = PBXBuildFile; fileRef = 528DB782246F88A1001DB27C /* ActionViewController.swift */; };
		52F116102470BC45001D31B4 /* BillViewController.swift in Sources */ = {isa = PBXBuildFile; fileRef = 52F1160F2470BC45001D31B4 /* BillViewController.swift */; };
		52F116122470BF89001D31B4 /* BillTableCell.swift in Sources */ = {isa = PBXBuildFile; fileRef = 52F116112470BF89001D31B4 /* BillTableCell.swift */; };
/* End PBXBuildFile section */

/* Begin PBXContainerItemProxy section */
		528DB74B246F0179001DB27C /* PBXContainerItemProxy */ = {
			isa = PBXContainerItemProxy;
			containerPortal = 528DB723246EF0BE001DB27C /* Project object */;
			proxyType = 1;
			remoteGlobalIDString = 528DB72A246EF0BE001DB27C;
			remoteInfo = vehicles;
		};
/* End PBXContainerItemProxy section */

/* Begin PBXFileReference section */
		528DB72B246EF0BE001DB27C /* vehicles.app */ = {isa = PBXFileReference; explicitFileType = wrapper.application; includeInIndex = 0; path = vehicles.app; sourceTree = BUILT_PRODUCTS_DIR; };
		528DB72E246EF0BE001DB27C /* AppDelegate.swift */ = {isa = PBXFileReference; lastKnownFileType = sourcecode.swift; path = AppDelegate.swift; sourceTree = "<group>"; };
		528DB730246EF0BE001DB27C /* SceneDelegate.swift */ = {isa = PBXFileReference; lastKnownFileType = sourcecode.swift; path = SceneDelegate.swift; sourceTree = "<group>"; };
		528DB735246EF0BE001DB27C /* Base */ = {isa = PBXFileReference; lastKnownFileType = file.storyboard; name = Base; path = Base.lproj/Main.storyboard; sourceTree = "<group>"; };
		528DB737246EF0C2001DB27C /* Assets.xcassets */ = {isa = PBXFileReference; lastKnownFileType = folder.assetcatalog; path = Assets.xcassets; sourceTree = "<group>"; };
		528DB73A246EF0C2001DB27C /* Base */ = {isa = PBXFileReference; lastKnownFileType = file.storyboard; name = Base; path = Base.lproj/LaunchScreen.storyboard; sourceTree = "<group>"; };
		528DB73C246EF0C2001DB27C /* Info.plist */ = {isa = PBXFileReference; lastKnownFileType = text.plist.xml; path = Info.plist; sourceTree = "<group>"; };
		528DB746246F0179001DB27C /* vehiclesTests.xctest */ = {isa = PBXFileReference; explicitFileType = wrapper.cfbundle; includeInIndex = 0; path = vehiclesTests.xctest; sourceTree = BUILT_PRODUCTS_DIR; };
		528DB748246F0179001DB27C /* vehiclesTests.swift */ = {isa = PBXFileReference; lastKnownFileType = sourcecode.swift; path = vehiclesTests.swift; sourceTree = "<group>"; };
		528DB74A246F0179001DB27C /* Info.plist */ = {isa = PBXFileReference; lastKnownFileType = text.plist.xml; path = Info.plist; sourceTree = "<group>"; };
		528DB757246F0B59001DB27C /* VehicleSource.swift */ = {isa = PBXFileReference; lastKnownFileType = sourcecode.swift; path = VehicleSource.swift; sourceTree = "<group>"; };
		528DB75A246F0E86001DB27C /* TypeUtil.swift */ = {isa = PBXFileReference; lastKnownFileType = sourcecode.swift; path = TypeUtil.swift; sourceTree = "<group>"; };
		528DB75C246F0F81001DB27C /* TypeVehicleSource.swift */ = {isa = PBXFileReference; lastKnownFileType = sourcecode.swift; path = TypeVehicleSource.swift; sourceTree = "<group>"; };
		528DB75E246F10DF001DB27C /* StaySource.swift */ = {isa = PBXFileReference; lastKnownFileType = sourcecode.swift; path = StaySource.swift; sourceTree = "<group>"; };
		528DB760246F1478001DB27C /* StayModel.swift */ = {isa = PBXFileReference; lastKnownFileType = sourcecode.swift; path = StayModel.swift; sourceTree = "<group>"; };
		528DB762246F1966001DB27C /* VehicleModel.swift */ = {isa = PBXFileReference; lastKnownFileType = sourcecode.swift; path = VehicleModel.swift; sourceTree = "<group>"; };
		528DB765246F251D001DB27C /* types.json */ = {isa = PBXFileReference; fileEncoding = 4; lastKnownFileType = text.json; path = types.json; sourceTree = "<group>"; };
		528DB767246F252A001DB27C /* JsonUtil.swift */ = {isa = PBXFileReference; lastKnownFileType = sourcecode.swift; path = JsonUtil.swift; sourceTree = "<group>"; };
		528DB76A246F2A92001DB27C /* TabViewController.swift */ = {isa = PBXFileReference; lastKnownFileType = sourcecode.swift; path = TabViewController.swift; sourceTree = "<group>"; };
		528DB76C246F563A001DB27C /* MainTabViewController.swift */ = {isa = PBXFileReference; lastKnownFileType = sourcecode.swift; path = MainTabViewController.swift; sourceTree = "<group>"; };
		528DB76F246F60ED001DB27C /* MainViewController.swift */ = {isa = PBXFileReference; lastKnownFileType = sourcecode.swift; path = MainViewController.swift; sourceTree = "<group>"; };
		528DB771246F6124001DB27C /* MenuCollectionCell.swift */ = {isa = PBXFileReference; lastKnownFileType = sourcecode.swift; path = MenuCollectionCell.swift; sourceTree = "<group>"; };
		528DB773246F6B4C001DB27C /* ExtensionUtil.swift */ = {isa = PBXFileReference; lastKnownFileType = sourcecode.swift; path = ExtensionUtil.swift; sourceTree = "<group>"; };
		528DB776246F6E0D001DB27C /* menu.json */ = {isa = PBXFileReference; fileEncoding = 4; lastKnownFileType = text.json; path = menu.json; sourceTree = "<group>"; };
		528DB778246F6E6C001DB27C /* MenuEntity.swift */ = {isa = PBXFileReference; lastKnownFileType = sourcecode.swift; path = MenuEntity.swift; sourceTree = "<group>"; };
		528DB77C246F7A8E001DB27C /* VehicleViewController.swift */ = {isa = PBXFileReference; lastKnownFileType = sourcecode.swift; path = VehicleViewController.swift; sourceTree = "<group>"; };
		528DB77E246F7C94001DB27C /* VehicleTableCell.swift */ = {isa = PBXFileReference; lastKnownFileType = sourcecode.swift; path = VehicleTableCell.swift; sourceTree = "<group>"; };
		528DB782246F88A1001DB27C /* ActionViewController.swift */ = {isa = PBXFileReference; lastKnownFileType = sourcecode.swift; path = ActionViewController.swift; sourceTree = "<group>"; };
		52F1160F2470BC45001D31B4 /* BillViewController.swift */ = {isa = PBXFileReference; lastKnownFileType = sourcecode.swift; path = BillViewController.swift; sourceTree = "<group>"; };
		52F116112470BF89001D31B4 /* BillTableCell.swift */ = {isa = PBXFileReference; lastKnownFileType = sourcecode.swift; path = BillTableCell.swift; sourceTree = "<group>"; };
		5885A1136F0EAC908766990E /* Pods-vehicles.debug.xcconfig */ = {isa = PBXFileReference; includeInIndex = 1; lastKnownFileType = text.xcconfig; name = "Pods-vehicles.debug.xcconfig"; path = "Target Support Files/Pods-vehicles/Pods-vehicles.debug.xcconfig"; sourceTree = "<group>"; };
		64E2AF5A6E2D9769F0A9E8B2 /* Pods-vehicles.release.xcconfig */ = {isa = PBXFileReference; includeInIndex = 1; lastKnownFileType = text.xcconfig; name = "Pods-vehicles.release.xcconfig"; path = "Target Support Files/Pods-vehicles/Pods-vehicles.release.xcconfig"; sourceTree = "<group>"; };
		A97876EAB570BE82E652EE17 /* Pods_vehicles.framework */ = {isa = PBXFileReference; explicitFileType = wrapper.framework; includeInIndex = 0; path = Pods_vehicles.framework; sourceTree = BUILT_PRODUCTS_DIR; };
/* End PBXFileReference section */

/* Begin PBXFrameworksBuildPhase section */
		528DB728246EF0BE001DB27C /* Frameworks */ = {
			isa = PBXFrameworksBuildPhase;
			buildActionMask = 2147483647;
			files = (
				391CE8E9572AC51557472EDF /* Pods_vehicles.framework in Frameworks */,
			);
			runOnlyForDeploymentPostprocessing = 0;
		};
		528DB743246F0179001DB27C /* Frameworks */ = {
			isa = PBXFrameworksBuildPhase;
			buildActionMask = 2147483647;
			files = (
			);
			runOnlyForDeploymentPostprocessing = 0;
		};
/* End PBXFrameworksBuildPhase section */

/* Begin PBXGroup section */
		48F77F6262CF0A4687B928FF /* Frameworks */ = {
			isa = PBXGroup;
			children = (
				A97876EAB570BE82E652EE17 /* Pods_vehicles.framework */,
			);
			name = Frameworks;
			sourceTree = "<group>";
		};
		528DB722246EF0BE001DB27C = {
			isa = PBXGroup;
			children = (
				528DB72D246EF0BE001DB27C /* vehicles */,
				528DB747246F0179001DB27C /* vehiclesTests */,
				528DB72C246EF0BE001DB27C /* Products */,
				E5716F36B56E84CEBC34ADC1 /* Pods */,
				48F77F6262CF0A4687B928FF /* Frameworks */,
			);
			sourceTree = "<group>";
		};
		528DB72C246EF0BE001DB27C /* Products */ = {
			isa = PBXGroup;
			children = (
				528DB72B246EF0BE001DB27C /* vehicles.app */,
				528DB746246F0179001DB27C /* vehiclesTests.xctest */,
			);
			name = Products;
			sourceTree = "<group>";
		};
		528DB72D246EF0BE001DB27C /* vehicles */ = {
			isa = PBXGroup;
			children = (
				528DB775246F6DE4001DB27C /* Entity */,
				528DB764246F242A001DB27C /* Sources */,
				528DB759246F0E69001DB27C /* Util */,
				528DB752246F0A01001DB27C /* DataSource */,
				528DB751246F09F6001DB27C /* Model */,
				528DB750246F09EB001DB27C /* ViewController */,
				528DB72E246EF0BE001DB27C /* AppDelegate.swift */,
				528DB730246EF0BE001DB27C /* SceneDelegate.swift */,
				528DB734246EF0BE001DB27C /* Main.storyboard */,
				528DB737246EF0C2001DB27C /* Assets.xcassets */,
				528DB739246EF0C2001DB27C /* LaunchScreen.storyboard */,
				528DB73C246EF0C2001DB27C /* Info.plist */,
			);
			path = vehicles;
			sourceTree = "<group>";
		};
		528DB747246F0179001DB27C /* vehiclesTests */ = {
			isa = PBXGroup;
			children = (
				528DB748246F0179001DB27C /* vehiclesTests.swift */,
				528DB74A246F0179001DB27C /* Info.plist */,
			);
			path = vehiclesTests;
			sourceTree = "<group>";
		};
		528DB750246F09EB001DB27C /* ViewController */ = {
			isa = PBXGroup;
			children = (
				52F1160E2470BC2E001D31B4 /* BillViewController */,
				528DB781246F84CF001DB27C /* ActionViewController */,
				528DB77B246F7A66001DB27C /* VehicleViewController */,
				528DB76E246F60DE001DB27C /* MainViewController */,
				528DB769246F2A55001DB27C /* TabViewController */,
			);
			path = ViewController;
			sourceTree = "<group>";
		};
		528DB751246F09F6001DB27C /* Model */ = {
			isa = PBXGroup;
			children = (
				528DB760246F1478001DB27C /* StayModel.swift */,
				528DB762246F1966001DB27C /* VehicleModel.swift */,
			);
			path = Model;
			sourceTree = "<group>";
		};
		528DB752246F0A01001DB27C /* DataSource */ = {
			isa = PBXGroup;
			children = (
				528DB757246F0B59001DB27C /* VehicleSource.swift */,
				528DB75C246F0F81001DB27C /* TypeVehicleSource.swift */,
				528DB75E246F10DF001DB27C /* StaySource.swift */,
			);
			path = DataSource;
			sourceTree = "<group>";
		};
		528DB759246F0E69001DB27C /* Util */ = {
			isa = PBXGroup;
			children = (
				528DB75A246F0E86001DB27C /* TypeUtil.swift */,
				528DB767246F252A001DB27C /* JsonUtil.swift */,
				528DB773246F6B4C001DB27C /* ExtensionUtil.swift */,
			);
			path = Util;
			sourceTree = "<group>";
		};
		528DB764246F242A001DB27C /* Sources */ = {
			isa = PBXGroup;
			children = (
				528DB776246F6E0D001DB27C /* menu.json */,
				528DB765246F251D001DB27C /* types.json */,
			);
			path = Sources;
			sourceTree = "<group>";
		};
		528DB769246F2A55001DB27C /* TabViewController */ = {
			isa = PBXGroup;
			children = (
				528DB76A246F2A92001DB27C /* TabViewController.swift */,
				528DB76C246F563A001DB27C /* MainTabViewController.swift */,
			);
			path = TabViewController;
			sourceTree = "<group>";
		};
		528DB76E246F60DE001DB27C /* MainViewController */ = {
			isa = PBXGroup;
			children = (
				528DB76F246F60ED001DB27C /* MainViewController.swift */,
				528DB771246F6124001DB27C /* MenuCollectionCell.swift */,
			);
			path = MainViewController;
			sourceTree = "<group>";
		};
		528DB775246F6DE4001DB27C /* Entity */ = {
			isa = PBXGroup;
			children = (
				528DB778246F6E6C001DB27C /* MenuEntity.swift */,
			);
			path = Entity;
			sourceTree = "<group>";
		};
		528DB77B246F7A66001DB27C /* VehicleViewController */ = {
			isa = PBXGroup;
			children = (
				528DB77C246F7A8E001DB27C /* VehicleViewController.swift */,
				528DB77E246F7C94001DB27C /* VehicleTableCell.swift */,
			);
			path = VehicleViewController;
			sourceTree = "<group>";
		};
		528DB781246F84CF001DB27C /* ActionViewController */ = {
			isa = PBXGroup;
			children = (
				528DB782246F88A1001DB27C /* ActionViewController.swift */,
			);
			path = ActionViewController;
			sourceTree = "<group>";
		};
		52F1160E2470BC2E001D31B4 /* BillViewController */ = {
			isa = PBXGroup;
			children = (
				52F1160F2470BC45001D31B4 /* BillViewController.swift */,
				52F116112470BF89001D31B4 /* BillTableCell.swift */,
			);
			path = BillViewController;
			sourceTree = "<group>";
		};
		E5716F36B56E84CEBC34ADC1 /* Pods */ = {
			isa = PBXGroup;
			children = (
				5885A1136F0EAC908766990E /* Pods-vehicles.debug.xcconfig */,
				64E2AF5A6E2D9769F0A9E8B2 /* Pods-vehicles.release.xcconfig */,
			);
			path = Pods;
			sourceTree = "<group>";
		};
/* End PBXGroup section */

/* Begin PBXNativeTarget section */
		528DB72A246EF0BE001DB27C /* vehicles */ = {
			isa = PBXNativeTarget;
			buildConfigurationList = 528DB73F246EF0C2001DB27C /* Build configuration list for PBXNativeTarget "vehicles" */;
			buildPhases = (
				51B535CAF845296B2BFD175F /* [CP] Check Pods Manifest.lock */,
				528DB727246EF0BE001DB27C /* Sources */,
				528DB728246EF0BE001DB27C /* Frameworks */,
				528DB729246EF0BE001DB27C /* Resources */,
				EF075A410166885B2DC7603B /* [CP] Embed Pods Frameworks */,
			);
			buildRules = (
			);
			dependencies = (
			);
			name = vehicles;
			productName = vehicles;
			productReference = 528DB72B246EF0BE001DB27C /* vehicles.app */;
			productType = "com.apple.product-type.application";
		};
		528DB745246F0179001DB27C /* vehiclesTests */ = {
			isa = PBXNativeTarget;
			buildConfigurationList = 528DB74F246F0179001DB27C /* Build configuration list for PBXNativeTarget "vehiclesTests" */;
			buildPhases = (
				528DB742246F0179001DB27C /* Sources */,
				528DB743246F0179001DB27C /* Frameworks */,
				528DB744246F0179001DB27C /* Resources */,
			);
			buildRules = (
			);
			dependencies = (
				528DB74C246F0179001DB27C /* PBXTargetDependency */,
			);
			name = vehiclesTests;
			productName = vehiclesTests;
			productReference = 528DB746246F0179001DB27C /* vehiclesTests.xctest */;
			productType = "com.apple.product-type.bundle.unit-test";
		};
/* End PBXNativeTarget section */

/* Begin PBXProject section */
		528DB723246EF0BE001DB27C /* Project object */ = {
			isa = PBXProject;
			attributes = {
				LastSwiftUpdateCheck = 1120;
				LastUpgradeCheck = 1120;
				ORGANIZATIONNAME = Desarollo;
				TargetAttributes = {
					528DB72A246EF0BE001DB27C = {
						CreatedOnToolsVersion = 11.2.1;
					};
					528DB745246F0179001DB27C = {
						CreatedOnToolsVersion = 11.2.1;
						TestTargetID = 528DB72A246EF0BE001DB27C;
					};
				};
			};
			buildConfigurationList = 528DB726246EF0BE001DB27C /* Build configuration list for PBXProject "vehicles" */;
			compatibilityVersion = "Xcode 9.3";
			developmentRegion = en;
			hasScannedForEncodings = 0;
			knownRegions = (
				en,
				Base,
			);
			mainGroup = 528DB722246EF0BE001DB27C;
			productRefGroup = 528DB72C246EF0BE001DB27C /* Products */;
			projectDirPath = "";
			projectRoot = "";
			targets = (
				528DB72A246EF0BE001DB27C /* vehicles */,
				528DB745246F0179001DB27C /* vehiclesTests */,
			);
		};
/* End PBXProject section */

/* Begin PBXResourcesBuildPhase section */
		528DB729246EF0BE001DB27C /* Resources */ = {
			isa = PBXResourcesBuildPhase;
			buildActionMask = 2147483647;
			files = (
				528DB777246F6E0D001DB27C /* menu.json in Resources */,
				528DB73B246EF0C2001DB27C /* LaunchScreen.storyboard in Resources */,
				528DB738246EF0C2001DB27C /* Assets.xcassets in Resources */,
				528DB736246EF0BE001DB27C /* Main.storyboard in Resources */,
				528DB766246F251D001DB27C /* types.json in Resources */,
			);
			runOnlyForDeploymentPostprocessing = 0;
		};
		528DB744246F0179001DB27C /* Resources */ = {
			isa = PBXResourcesBuildPhase;
			buildActionMask = 2147483647;
			files = (
			);
			runOnlyForDeploymentPostprocessing = 0;
		};
/* End PBXResourcesBuildPhase section */

/* Begin PBXShellScriptBuildPhase section */
		51B535CAF845296B2BFD175F /* [CP] Check Pods Manifest.lock */ = {
			isa = PBXShellScriptBuildPhase;
			buildActionMask = 2147483647;
			files = (
			);
			inputFileListPaths = (
			);
			inputPaths = (
				"${PODS_PODFILE_DIR_PATH}/Podfile.lock",
				"${PODS_ROOT}/Manifest.lock",
			);
			name = "[CP] Check Pods Manifest.lock";
			outputFileListPaths = (
			);
			outputPaths = (
				"$(DERIVED_FILE_DIR)/Pods-vehicles-checkManifestLockResult.txt",
			);
			runOnlyForDeploymentPostprocessing = 0;
			shellPath = /bin/sh;
			shellScript = "diff \"${PODS_PODFILE_DIR_PATH}/Podfile.lock\" \"${PODS_ROOT}/Manifest.lock\" > /dev/null\nif [ $? != 0 ] ; then\n    # print error to STDERR\n    echo \"error: The sandbox is not in sync with the Podfile.lock. Run 'pod install' or update your CocoaPods installation.\" >&2\n    exit 1\nfi\n# This output is used by Xcode 'outputs' to avoid re-running this script phase.\necho \"SUCCESS\" > \"${SCRIPT_OUTPUT_FILE_0}\"\n";
			showEnvVarsInLog = 0;
		};
		EF075A410166885B2DC7603B /* [CP] Embed Pods Frameworks */ = {
			isa = PBXShellScriptBuildPhase;
			buildActionMask = 2147483647;
			files = (
			);
			inputFileListPaths = (
				"${PODS_ROOT}/Target Support Files/Pods-vehicles/Pods-vehicles-frameworks-${CONFIGURATION}-input-files.xcfilelist",
			);
			name = "[CP] Embed Pods Frameworks";
			outputFileListPaths = (
				"${PODS_ROOT}/Target Support Files/Pods-vehicles/Pods-vehicles-frameworks-${CONFIGURATION}-output-files.xcfilelist",
			);
			runOnlyForDeploymentPostprocessing = 0;
			shellPath = /bin/sh;
			shellScript = "\"${PODS_ROOT}/Target Support Files/Pods-vehicles/Pods-vehicles-frameworks.sh\"\n";
			showEnvVarsInLog = 0;
		};
/* End PBXShellScriptBuildPhase section */

/* Begin PBXSourcesBuildPhase section */
		528DB727246EF0BE001DB27C /* Sources */ = {
			isa = PBXSourcesBuildPhase;
			buildActionMask = 2147483647;
			files = (
				528DB75F246F10DF001DB27C /* StaySource.swift in Sources */,
				528DB72F246EF0BE001DB27C /* AppDelegate.swift in Sources */,
				528DB779246F6E6C001DB27C /* MenuEntity.swift in Sources */,
				528DB75B246F0E86001DB27C /* TypeUtil.swift in Sources */,
				528DB774246F6B4C001DB27C /* ExtensionUtil.swift in Sources */,
				528DB77D246F7A8E001DB27C /* VehicleViewController.swift in Sources */,
				528DB770246F60ED001DB27C /* MainViewController.swift in Sources */,
				528DB772246F6124001DB27C /* MenuCollectionCell.swift in Sources */,
				52F116102470BC45001D31B4 /* BillViewController.swift in Sources */,
				528DB761246F1478001DB27C /* StayModel.swift in Sources */,
				528DB75D246F0F81001DB27C /* TypeVehicleSource.swift in Sources */,
				528DB731246EF0BE001DB27C /* SceneDelegate.swift in Sources */,
				528DB76D246F563A001DB27C /* MainTabViewController.swift in Sources */,
				52F116122470BF89001D31B4 /* BillTableCell.swift in Sources */,
				528DB77F246F7C94001DB27C /* VehicleTableCell.swift in Sources */,
				528DB763246F1966001DB27C /* VehicleModel.swift in Sources */,
				528DB783246F88A1001DB27C /* ActionViewController.swift in Sources */,
				528DB758246F0B59001DB27C /* VehicleSource.swift in Sources */,
				528DB76B246F2A92001DB27C /* TabViewController.swift in Sources */,
				528DB768246F252A001DB27C /* JsonUtil.swift in Sources */,
			);
			runOnlyForDeploymentPostprocessing = 0;
		};
		528DB742246F0179001DB27C /* Sources */ = {
			isa = PBXSourcesBuildPhase;
			buildActionMask = 2147483647;
			files = (
				528DB749246F0179001DB27C /* vehiclesTests.swift in Sources */,
			);
			runOnlyForDeploymentPostprocessing = 0;
		};
/* End PBXSourcesBuildPhase section */

/* Begin PBXTargetDependency section */
		528DB74C246F0179001DB27C /* PBXTargetDependency */ = {
			isa = PBXTargetDependency;
			target = 528DB72A246EF0BE001DB27C /* vehicles */;
			targetProxy = 528DB74B246F0179001DB27C /* PBXContainerItemProxy */;
		};
/* End PBXTargetDependency section */

/* Begin PBXVariantGroup section */
		528DB734246EF0BE001DB27C /* Main.storyboard */ = {
			isa = PBXVariantGroup;
			children = (
				528DB735246EF0BE001DB27C /* Base */,
			);
			name = Main.storyboard;
			sourceTree = "<group>";
		};
		528DB739246EF0C2001DB27C /* LaunchScreen.storyboard */ = {
			isa = PBXVariantGroup;
			children = (
				528DB73A246EF0C2001DB27C /* Base */,
			);
			name = LaunchScreen.storyboard;
			sourceTree = "<group>";
		};
/* End PBXVariantGroup section */

/* Begin XCBuildConfiguration section */
		528DB73D246EF0C2001DB27C /* Debug */ = {
			isa = XCBuildConfiguration;
			buildSettings = {
				ALWAYS_SEARCH_USER_PATHS = NO;
				CLANG_ANALYZER_NONNULL = YES;
				CLANG_ANALYZER_NUMBER_OBJECT_CONVERSION = YES_AGGRESSIVE;
				CLANG_CXX_LANGUAGE_STANDARD = "gnu++14";
				CLANG_CXX_LIBRARY = "libc++";
				CLANG_ENABLE_MODULES = YES;
				CLANG_ENABLE_OBJC_ARC = YES;
				CLANG_ENABLE_OBJC_WEAK = YES;
				CLANG_WARN_BLOCK_CAPTURE_AUTORELEASING = YES;
				CLANG_WARN_BOOL_CONVERSION = YES;
				CLANG_WARN_COMMA = YES;
				CLANG_WARN_CONSTANT_CONVERSION = YES;
				CLANG_WARN_DEPRECATED_OBJC_IMPLEMENTATIONS = YES;
				CLANG_WARN_DIRECT_OBJC_ISA_USAGE = YES_ERROR;
				CLANG_WARN_DOCUMENTATION_COMMENTS = YES;
				CLANG_WARN_EMPTY_BODY = YES;
				CLANG_WARN_ENUM_CONVERSION = YES;
				CLANG_WARN_INFINITE_RECURSION = YES;
				CLANG_WARN_INT_CONVERSION = YES;
				CLANG_WARN_NON_LITERAL_NULL_CONVERSION = YES;
				CLANG_WARN_OBJC_IMPLICIT_RETAIN_SELF = YES;
				CLANG_WARN_OBJC_LITERAL_CONVERSION = YES;
				CLANG_WARN_OBJC_ROOT_CLASS = YES_ERROR;
				CLANG_WARN_RANGE_LOOP_ANALYSIS = YES;
				CLANG_WARN_STRICT_PROTOTYPES = YES;
				CLANG_WARN_SUSPICIOUS_MOVE = YES;
				CLANG_WARN_UNGUARDED_AVAILABILITY = YES_AGGRESSIVE;
				CLANG_WARN_UNREACHABLE_CODE = YES;
				CLANG_WARN__DUPLICATE_METHOD_MATCH = YES;
				COPY_PHASE_STRIP = NO;
				DEBUG_INFORMATION_FORMAT = dwarf;
				ENABLE_STRICT_OBJC_MSGSEND = YES;
				ENABLE_TESTABILITY = YES;
				GCC_C_LANGUAGE_STANDARD = gnu11;
				GCC_DYNAMIC_NO_PIC = NO;
				GCC_NO_COMMON_BLOCKS = YES;
				GCC_OPTIMIZATION_LEVEL = 0;
				GCC_PREPROCESSOR_DEFINITIONS = (
					"DEBUG=1",
					"$(inherited)",
				);
				GCC_WARN_64_TO_32_BIT_CONVERSION = YES;
				GCC_WARN_ABOUT_RETURN_TYPE = YES_ERROR;
				GCC_WARN_UNDECLARED_SELECTOR = YES;
				GCC_WARN_UNINITIALIZED_AUTOS = YES_AGGRESSIVE;
				GCC_WARN_UNUSED_FUNCTION = YES;
				GCC_WARN_UNUSED_VARIABLE = YES;
				IPHONEOS_DEPLOYMENT_TARGET = 13.2;
				MTL_ENABLE_DEBUG_INFO = INCLUDE_SOURCE;
				MTL_FAST_MATH = YES;
				ONLY_ACTIVE_ARCH = YES;
				SDKROOT = iphoneos;
				SWIFT_ACTIVE_COMPILATION_CONDITIONS = DEBUG;
				SWIFT_OPTIMIZATION_LEVEL = "-Onone";
			};
			name = Debug;
		};
		528DB73E246EF0C2001DB27C /* Release */ = {
			isa = XCBuildConfiguration;
			buildSettings = {
				ALWAYS_SEARCH_USER_PATHS = NO;
				CLANG_ANALYZER_NONNULL = YES;
				CLANG_ANALYZER_NUMBER_OBJECT_CONVERSION = YES_AGGRESSIVE;
				CLANG_CXX_LANGUAGE_STANDARD = "gnu++14";
				CLANG_CXX_LIBRARY = "libc++";
				CLANG_ENABLE_MODULES = YES;
				CLANG_ENABLE_OBJC_ARC = YES;
				CLANG_ENABLE_OBJC_WEAK = YES;
				CLANG_WARN_BLOCK_CAPTURE_AUTORELEASING = YES;
				CLANG_WARN_BOOL_CONVERSION = YES;
				CLANG_WARN_COMMA = YES;
				CLANG_WARN_CONSTANT_CONVERSION = YES;
				CLANG_WARN_DEPRECATED_OBJC_IMPLEMENTATIONS = YES;
				CLANG_WARN_DIRECT_OBJC_ISA_USAGE = YES_ERROR;
				CLANG_WARN_DOCUMENTATION_COMMENTS = YES;
				CLANG_WARN_EMPTY_BODY = YES;
				CLANG_WARN_ENUM_CONVERSION = YES;
				CLANG_WARN_INFINITE_RECURSION = YES;
				CLANG_WARN_INT_CONVERSION = YES;
				CLANG_WARN_NON_LITERAL_NULL_CONVERSION = YES;
				CLANG_WARN_OBJC_IMPLICIT_RETAIN_SELF = YES;
				CLANG_WARN_OBJC_LITERAL_CONVERSION = YES;
				CLANG_WARN_OBJC_ROOT_CLASS = YES_ERROR;
				CLANG_WARN_RANGE_LOOP_ANALYSIS = YES;
				CLANG_WARN_STRICT_PROTOTYPES = YES;
				CLANG_WARN_SUSPICIOUS_MOVE = YES;
				CLANG_WARN_UNGUARDED_AVAILABILITY = YES_AGGRESSIVE;
				CLANG_WARN_UNREACHABLE_CODE = YES;
				CLANG_WARN__DUPLICATE_METHOD_MATCH = YES;
				COPY_PHASE_STRIP = NO;
				DEBUG_INFORMATION_FORMAT = "dwarf-with-dsym";
				ENABLE_NS_ASSERTIONS = NO;
				ENABLE_STRICT_OBJC_MSGSEND = YES;
				GCC_C_LANGUAGE_STANDARD = gnu11;
				GCC_NO_COMMON_BLOCKS = YES;
				GCC_WARN_64_TO_32_BIT_CONVERSION = YES;
				GCC_WARN_ABOUT_RETURN_TYPE = YES_ERROR;
				GCC_WARN_UNDECLARED_SELECTOR = YES;
				GCC_WARN_UNINITIALIZED_AUTOS = YES_AGGRESSIVE;
				GCC_WARN_UNUSED_FUNCTION = YES;
				GCC_WARN_UNUSED_VARIABLE = YES;
				IPHONEOS_DEPLOYMENT_TARGET = 13.2;
				MTL_ENABLE_DEBUG_INFO = NO;
				MTL_FAST_MATH = YES;
				SDKROOT = iphoneos;
				SWIFT_COMPILATION_MODE = wholemodule;
				SWIFT_OPTIMIZATION_LEVEL = "-O";
				VALIDATE_PRODUCT = YES;
			};
			name = Release;
		};
		528DB740246EF0C2001DB27C /* Debug */ = {
			isa = XCBuildConfiguration;
			baseConfigurationReference = 5885A1136F0EAC908766990E /* Pods-vehicles.debug.xcconfig */;
			buildSettings = {
				ASSETCATALOG_COMPILER_APPICON_NAME = AppIcon;
				CODE_SIGN_STYLE = Automatic;
				DEVELOPMENT_TEAM = F4LTESUMQF;
				INFOPLIST_FILE = vehicles/Info.plist;
				IPHONEOS_DEPLOYMENT_TARGET = 13.2;
				LD_RUNPATH_SEARCH_PATHS = (
					"$(inherited)",
					"@executable_path/Frameworks",
				);
				PRODUCT_BUNDLE_IDENTIFIER = com.hugo.vehicles;
				PRODUCT_NAME = "$(TARGET_NAME)";
				SWIFT_VERSION = 5.0;
				TARGETED_DEVICE_FAMILY = "1,2";
			};
			name = Debug;
		};
		528DB741246EF0C2001DB27C /* Release */ = {
			isa = XCBuildConfiguration;
			baseConfigurationReference = 64E2AF5A6E2D9769F0A9E8B2 /* Pods-vehicles.release.xcconfig */;
			buildSettings = {
				ASSETCATALOG_COMPILER_APPICON_NAME = AppIcon;
				CODE_SIGN_STYLE = Automatic;
				DEVELOPMENT_TEAM = F4LTESUMQF;
				INFOPLIST_FILE = vehicles/Info.plist;
				IPHONEOS_DEPLOYMENT_TARGET = 13.2;
				LD_RUNPATH_SEARCH_PATHS = (
					"$(inherited)",
					"@executable_path/Frameworks",
				);
				PRODUCT_BUNDLE_IDENTIFIER = com.hugo.vehicles;
				PRODUCT_NAME = "$(TARGET_NAME)";
				SWIFT_VERSION = 5.0;
				TARGETED_DEVICE_FAMILY = "1,2";
			};
			name = Release;
		};
		528DB74D246F0179001DB27C /* Debug */ = {
			isa = XCBuildConfiguration;
			buildSettings = {
				BUNDLE_LOADER = "$(TEST_HOST)";
				CODE_SIGN_STYLE = Automatic;
				DEVELOPMENT_TEAM = F4LTESUMQF;
				INFOPLIST_FILE = vehiclesTests/Info.plist;
				LD_RUNPATH_SEARCH_PATHS = (
					"$(inherited)",
					"@executable_path/Frameworks",
					"@loader_path/Frameworks",
				);
				PRODUCT_BUNDLE_IDENTIFIER = com.hugo.vehiclesTests;
				PRODUCT_NAME = "$(TARGET_NAME)";
				SWIFT_VERSION = 5.0;
				TARGETED_DEVICE_FAMILY = "1,2";
				TEST_HOST = "$(BUILT_PRODUCTS_DIR)/vehicles.app/vehicles";
			};
			name = Debug;
		};
		528DB74E246F0179001DB27C /* Release */ = {
			isa = XCBuildConfiguration;
			buildSettings = {
				BUNDLE_LOADER = "$(TEST_HOST)";
				CODE_SIGN_STYLE = Automatic;
				DEVELOPMENT_TEAM = F4LTESUMQF;
				INFOPLIST_FILE = vehiclesTests/Info.plist;
				LD_RUNPATH_SEARCH_PATHS = (
					"$(inherited)",
					"@executable_path/Frameworks",
					"@loader_path/Frameworks",
				);
				PRODUCT_BUNDLE_IDENTIFIER = com.hugo.vehiclesTests;
				PRODUCT_NAME = "$(TARGET_NAME)";
				SWIFT_VERSION = 5.0;
				TARGETED_DEVICE_FAMILY = "1,2";
				TEST_HOST = "$(BUILT_PRODUCTS_DIR)/vehicles.app/vehicles";
			};
			name = Release;
		};
/* End XCBuildConfiguration section */

/* Begin XCConfigurationList section */
		528DB726246EF0BE001DB27C /* Build configuration list for PBXProject "vehicles" */ = {
			isa = XCConfigurationList;
			buildConfigurations = (
				528DB73D246EF0C2001DB27C /* Debug */,
				528DB73E246EF0C2001DB27C /* Release */,
			);
			defaultConfigurationIsVisible = 0;
			defaultConfigurationName = Release;
		};
		528DB73F246EF0C2001DB27C /* Build configuration list for PBXNativeTarget "vehicles" */ = {
			isa = XCConfigurationList;
			buildConfigurations = (
				528DB740246EF0C2001DB27C /* Debug */,
				528DB741246EF0C2001DB27C /* Release */,
			);
			defaultConfigurationIsVisible = 0;
			defaultConfigurationName = Release;
		};
		528DB74F246F0179001DB27C /* Build configuration list for PBXNativeTarget "vehiclesTests" */ = {
			isa = XCConfigurationList;
			buildConfigurations = (
				528DB74D246F0179001DB27C /* Debug */,
				528DB74E246F0179001DB27C /* Release */,
			);
			defaultConfigurationIsVisible = 0;
			defaultConfigurationName = Release;
		};
/* End XCConfigurationList section */
	};
	rootObject = 528DB723246EF0BE001DB27C /* Project object */;
}
